<?xml version="1.0" encoding="utf-8"?>
<Project ToolsVersion="4.0" xmlns="http://schemas.microsoft.com/developer/msbuild/2003">
  <ItemGroup>
    <Filter Include="Source Files">
      <UniqueIdentifier>{4FC737F1-C7A5-4376-A066-2A32D752A2FF}</UniqueIdentifier>
      <Extensions>cpp;c;cc;cxx;c++;cppm;ixx;def;odl;idl;hpj;bat;asm;asmx</Extensions>
    </Filter>
    <Filter Include="Header Files">
      <UniqueIdentifier>{93995380-89BD-4b04-88EB-625FBE52EBFB}</UniqueIdentifier>
      <Extensions>h;hh;hpp;hxx;h++;hm;inl;inc;ipp;xsd</Extensions>
    </Filter>
    <Filter Include="Resource Files">
      <UniqueIdentifier>{67DA6AB6-F800-4c08-8B7A-83BB121AAD01}</UniqueIdentifier>
      <Extensions>rc;ico;cur;bmp;dlg;rc2;rct;bin;rgs;gif;jpg;jpeg;jpe;resx;tiff;tif;png;wav;mfcribbon-ms</Extensions>
    </Filter>
  </ItemGroup>
  <ItemGroup>
    <ClInclude Include="Classify.h">
      <Filter>Header Files</Filter>
    </ClInclude>
    <ClInclude Include="ClassifyDlg.h">
      <Filter>Header Files</Filter>
    </ClInclude>
    <ClInclude Include="framework.h">
      <Filter>Header Files</Filter>
    </ClInclude>
    <ClInclude Include="targetver.h">
      <Filter>Header Files</Filter>
    </ClInclude>
    <ClInclude Include="Resource.h">
      <Filter>Header Files</Filter>
    </ClInclude>
    <ClInclude Include="pch.h">
      <Filter>Header Files</Filter>
    </ClInclude>
    <ClInclude Include="Display.h">
      <Filter>Header Files</Filter>
    </ClInclude>
    <ClInclude Include="Annotations.h">
      <Filter>Header Files</Filter>
    </ClInclude>
    <ClInclude Include="Useful.h">
      <Filter>Header Files</Filter>
    </ClInclude>
    <ClInclude Include="CsvFile.h">
      <Filter>Header Files</Filter>
    </ClInclude>
    <ClInclude Include="YoloExportDlg.h">
      <Filter>Header Files</Filter>
    </ClInclude>
    <ClInclude Include="MyMsgBox.h">
      <Filter>Header Files</Filter>
    </ClInclude>
    <ClInclude Include="MoreOptionsDlg.h">
      <Filter>Header Files</Filter>
    </ClInclude>
    <ClInclude Include="GotoPictureDlg.h">
      <Filter>Header Files</Filter>
    </ClInclude>
    <ClInclude Include="FixAndCropPictures.h">
      <Filter>Header Files</Filter>
    </ClInclude>
    <ClInclude Include="BitmapFile.h">
      <Filter>Header Files</Filter>
    </ClInclude>
    <ClInclude Include="InputConfigDlg.h">
      <Filter>Header Files</Filter>
    </ClInclude>
    <ClInclude Include="YoloAnchors.h">
      <Filter>Header Files</Filter>
    </ClInclude>
    <ClInclude Include="InterfaceAI.h">
      <Filter>Header Files</Filter>
    </ClInclude>
    <ClInclude Include="ollama.hpp">
      <Filter>Header Files</Filter>
    </ClInclude>
    <ClInclude Include="AIAssistDlg.h">
      <Filter>Header Files</Filter>
    </ClInclude>
  </ItemGroup>
  <ItemGroup>
    <ClCompile Include="Classify.cpp">
      <Filter>Source Files</Filter>
    </ClCompile>
    <ClCompile Include="ClassifyDlg.cpp">
      <Filter>Source Files</Filter>
    </ClCompile>
    <ClCompile Include="pch.cpp">
      <Filter>Source Files</Filter>
    </ClCompile>
    <ClCompile Include="Display.cpp">
      <Filter>Source Files</Filter>
    </ClCompile>
    <ClCompile Include="Annotations.cpp">
      <Filter>Source Files</Filter>
    </ClCompile>
    <ClCompile Include="Useful.cpp">
      <Filter>Source Files</Filter>
    </ClCompile>
    <ClCompile Include="CsvFile.cpp">
      <Filter>Source Files</Filter>
    </ClCompile>
    <ClCompile Include="YoloExportDlg.cpp">
      <Filter>Source Files</Filter>
    </ClCompile>
    <ClCompile Include="MyMsgBox.cpp">
      <Filter>Source Files</Filter>
    </ClCompile>
    <ClCompile Include="MoreOptionsDlg.cpp">
      <Filter>Source Files</Filter>
    </ClCompile>
    <ClCompile Include="GotoPictureDlg.cpp">
      <Filter>Source Files</Filter>
    </ClCompile>
    <ClCompile Include="FixAndCropPictures.cpp">
      <Filter>Source Files</Filter>
    </ClCompile>
    <ClCompile Include="BitmapFile.cpp">
      <Filter>Source Files</Filter>
    </ClCompile>
    <ClCompile Include="InputConfigDlg.cpp">
      <Filter>Source Files</Filter>
    </ClCompile>
    <ClCompile Include="YoloAnchors.cpp">
      <Filter>Source Files</Filter>
    </ClCompile>
    <ClCompile Include="InterfaceAI.cpp">
      <Filter>Source Files</Filter>
    </ClCompile>
    <ClCompile Include="AIAssistDlg.cpp">
      <Filter>Source Files</Filter>
    </ClCompile>
  </ItemGroup>
  <ItemGroup>
    <ResourceCompile Include="Classify.rc">
      <Filter>Resource Files</Filter>
    </ResourceCompile>
  </ItemGroup>
  <ItemGroup>
    <None Include="res\Classify.rc2">
      <Filter>Resource Files</Filter>
    </None>
  </ItemGroup>
  <ItemGroup>
    <Image Include="res\Classify.ico">
      <Filter>Resource Files</Filter>
    </Image>
  </ItemGroup>
</Project>